
Microsoft Visual Studio Solution File, Format Version 12.00
# Visual Studio Version 17
VisualStudioVersion = 17.0.31912.275
MinimumVisualStudioVersion = 10.0.40219.1
Project("{9A19103F-16F7-4668-BE54-9A1E7A4F7556}") = "Serpent5.Extensions.Configuration", "Serpent5.Extensions.Configuration\Serpent5.Extensions.Configuration.csproj", "{043DAEA0-7293-4830-B497-EB58A3201EF6}"
EndProject
Project("{9A19103F-16F7-4668-BE54-9A1E7A4F7556}") = "Serpent5.Extensions.Configuration.Tests", "Serpent5.Extensions.Configuration.Tests\Serpent5.Extensions.Configuration.Tests.csproj", "{E904D0AB-687A-4E3D-BC66-E82B7A47AFDB}"
EndProject
Project("{2150E333-8FDC-42A3-9474-1A3956D46DE8}") = "Solution Items", "Solution Items", "{A25EDFB8-76A3-409D-816D-85CB54C8FF76}"
	ProjectSection(SolutionItems) = preProject
		.editorconfig = .editorconfig
		.gitattributes = .gitattributes
		.gitignore = .gitignore
		Directory.Build.props = Directory.Build.props
		README.md = README.md
	EndProjectSection
EndProject
Global
	GlobalSection(SolutionConfigurationPlatforms) = preSolution
		Debug|Any CPU = Debug|Any CPU
		Release|Any CPU = Release|Any CPU
	EndGlobalSection
	GlobalSection(ProjectConfigurationPlatforms) = postSolution
		{043DAEA0-7293-4830-B497-EB58A3201EF6}.Debug|Any CPU.ActiveCfg = Debug|Any CPU
		{043DAEA0-7293-4830-B497-EB58A3201EF6}.Debug|Any CPU.Build.0 = Debug|Any CPU
		{043DAEA0-7293-4830-B497-EB58A3201EF6}.Release|Any CPU.ActiveCfg = Release|Any CPU
		{043DAEA0-7293-4830-B497-EB58A3201EF6}.Release|Any CPU.Build.0 = Release|Any CPU
		{E904D0AB-687A-4E3D-BC66-E82B7A47AFDB}.Debug|Any CPU.ActiveCfg = Debug|Any CPU
		{E904D0AB-687A-4E3D-BC66-E82B7A47AFDB}.Debug|Any CPU.Build.0 = Debug|Any CPU
		{E904D0AB-687A-4E3D-BC66-E82B7A47AFDB}.Release|Any CPU.ActiveCfg = Release|Any CPU
		{E904D0AB-687A-4E3D-BC66-E82B7A47AFDB}.Release|Any CPU.Build.0 = Release|Any CPU
	EndGlobalSection
	GlobalSection(SolutionProperties) = preSolution
		HideSolutionNode = FALSE
	EndGlobalSection
	GlobalSection(ExtensibilityGlobals) = postSolution
		SolutionGuid = {665D4965-CA32-4C88-9A72-8CEAFE85BF11}
	EndGlobalSection
EndGlobal
